{
  "version": 4,
  "terraform_version": "1.1.9",
  "serial": 8,
  "lineage": "0ae2f620-7cfd-68e6-3848-9a40a684423a",
  "outputs": {
    "aws_kms_key_id": {
      "value": "56c7508e-76c2-451d-9f7f-c434218ffc9f",
      "type": "string"
    },
    "aws_role_arn": {
      "value": "arn:aws:iam::620423771455:role/translate-role",
      "type": "string"
    },
    "bucket_name": {
      "value": "translate-in-out",
      "type": "string"
    }
  },
  "resources": [
    {
      "mode": "data",
      "type": "aws_iam_policy",
      "name": "managed_policy",
      "provider": "provider[\"registry.terraform.io/hashicorp/aws\"]",
      "instances": [
        {
          "schema_version": 0,
          "attributes": {
            "arn": "arn:aws:iam::aws:policy/AmazonS3FullAccess",
            "description": "Provides full access to all buckets via the AWS Management Console.",
            "id": "arn:aws:iam::aws:policy/AmazonS3FullAccess",
            "name": "AmazonS3FullAccess",
            "path": "/",
            "path_prefix": null,
            "policy": "{\n  \"Version\": \"2012-10-17\",\n  \"Statement\": [\n    {\n      \"Effect\": \"Allow\",\n      \"Action\": [\"s3:*\", \"s3-object-lambda:*\"],\n      \"Resource\": \"*\"\n    }\n  ]\n}",
            "policy_id": "ANPAIFIR6V6BVTRAHWINE",
            "tags": {}
          },
          "sensitive_attributes": []
        }
      ]
    },
    {
      "mode": "managed",
      "type": "aws_iam_role",
      "name": "service_role",
      "provider": "provider[\"registry.terraform.io/hashicorp/aws\"]",
      "instances": [
        {
          "schema_version": 0,
          "attributes": {
            "arn": "arn:aws:iam::620423771455:role/translate-role",
            "assume_role_policy": "{\"Version\":\"2012-10-17\",\"Statement\":[{\"Sid\":\"\",\"Effect\":\"Allow\",\"Principal\":{\"Service\":\"translate.amazonaws.com\"},\"Action\":\"sts:AssumeRole\"}]}",
            "create_date": "2022-04-27T01:47:22Z",
            "description": "",
            "force_detach_policies": false,
            "id": "translate-role",
            "inline_policy": [
              {
                "name": "translate-policy",
                "policy": "{\"Statement\":[{\"Action\":[\"translate:*\",\"iam:ListRoles\",\"iam:GetRole\",\"s3:ListAllMyBuckets\",\"s3:ListBucket\",\"s3:GetBucketLocation\",\"iam:CreateRole\",\"iam:CreatePolicy\",\"iam:AttachRolePolicy\",\"kms:CreateGrant\",\"kms:Decrypt\",\"kms:GenerateDatakey\",\"s3:PutObject\",\"s3:PutObjectAcl\"],\"Effect\":\"Allow\",\"Resource\":\"*\"}],\"Version\":\"2012-10-17\"}"
              }
            ],
            "managed_policy_arns": [],
            "max_session_duration": 3600,
            "name": "translate-role",
            "name_prefix": "",
            "path": "/",
            "permissions_boundary": null,
            "tags": {},
            "tags_all": {},
            "unique_id": "AROAZA5BDOU7RCKYJ4A6H"
          },
          "sensitive_attributes": [],
          "private": "bnVsbA=="
        }
      ]
    },
    {
      "mode": "managed",
      "type": "aws_iam_role_policy_attachment",
      "name": "attach_managed",
      "provider": "provider[\"registry.terraform.io/hashicorp/aws\"]",
      "instances": [
        {
          "schema_version": 0,
          "attributes": {
            "id": "translate-role-20220427023326091800000001",
            "policy_arn": "arn:aws:iam::aws:policy/AmazonS3FullAccess",
            "role": "translate-role"
          },
          "sensitive_attributes": [],
          "private": "bnVsbA==",
          "dependencies": [
            "aws_iam_role.service_role",
            "data.aws_iam_policy.managed_policy"
          ]
        }
      ]
    },
    {
      "mode": "managed",
      "type": "aws_kms_key",
      "name": "service_key",
      "provider": "provider[\"registry.terraform.io/hashicorp/aws\"]",
      "instances": [
        {
          "schema_version": 0,
          "attributes": {
            "arn": "arn:aws:kms:us-east-1:620423771455:key/56c7508e-76c2-451d-9f7f-c434218ffc9f",
            "bypass_policy_lockout_safety_check": false,
            "customer_master_key_spec": "SYMMETRIC_DEFAULT",
            "deletion_window_in_days": 10,
            "description": "Will be used to encrypt bucket objects",
            "enable_key_rotation": false,
            "id": "56c7508e-76c2-451d-9f7f-c434218ffc9f",
            "is_enabled": true,
            "key_id": "56c7508e-76c2-451d-9f7f-c434218ffc9f",
            "key_usage": "ENCRYPT_DECRYPT",
            "multi_region": false,
            "policy": "{\"Id\":\"key-default-1\",\"Statement\":[{\"Action\":\"kms:*\",\"Effect\":\"Allow\",\"Principal\":{\"AWS\":\"arn:aws:iam::620423771455:root\"},\"Resource\":\"*\",\"Sid\":\"Enable IAM User Permissions\"}],\"Version\":\"2012-10-17\"}",
            "tags": {},
            "tags_all": {}
          },
          "sensitive_attributes": [],
          "private": "bnVsbA=="
        }
      ]
    },
    {
      "mode": "managed",
      "type": "aws_s3_bucket",
      "name": "service_bucket",
      "provider": "provider[\"registry.terraform.io/hashicorp/aws\"]",
      "instances": [
        {
          "schema_version": 0,
          "attributes": {
            "acceleration_status": "",
            "acl": null,
            "arn": "arn:aws:s3:::translate-in-out",
            "bucket": "translate-in-out",
            "bucket_domain_name": "translate-in-out.s3.amazonaws.com",
            "bucket_prefix": null,
            "bucket_regional_domain_name": "translate-in-out.s3.amazonaws.com",
            "cors_rule": [],
            "force_destroy": false,
            "grant": [
              {
                "id": "eb577b490651235be9a25a9ea265c7c1da2aac4c5016f03d55b3096d456e4605",
                "permissions": [
                  "FULL_CONTROL"
                ],
                "type": "CanonicalUser",
                "uri": ""
              }
            ],
            "hosted_zone_id": "Z3AQBSTGFYJSTF",
            "id": "translate-in-out",
            "lifecycle_rule": [],
            "logging": [],
            "object_lock_configuration": [],
            "object_lock_enabled": false,
            "policy": "",
            "region": "us-east-1",
            "replication_configuration": [],
            "request_payer": "BucketOwner",
            "server_side_encryption_configuration": [
              {
                "rule": [
                  {
                    "apply_server_side_encryption_by_default": [
                      {
                        "kms_master_key_id": "arn:aws:kms:us-east-1:620423771455:key/56c7508e-76c2-451d-9f7f-c434218ffc9f",
                        "sse_algorithm": "aws:kms"
                      }
                    ],
                    "bucket_key_enabled": false
                  }
                ]
              }
            ],
            "tags": {},
            "tags_all": {},
            "versioning": [
              {
                "enabled": false,
                "mfa_delete": false
              }
            ],
            "website": [],
            "website_domain": null,
            "website_endpoint": null
          },
          "sensitive_attributes": [],
          "private": "bnVsbA=="
        }
      ]
    },
    {
      "mode": "managed",
      "type": "aws_s3_bucket_server_side_encryption_configuration",
      "name": "s3_encrypt",
      "provider": "provider[\"registry.terraform.io/hashicorp/aws\"]",
      "instances": [
        {
          "schema_version": 0,
          "attributes": {
            "bucket": "translate-in-out",
            "expected_bucket_owner": "",
            "id": "translate-in-out",
            "rule": [
              {
                "apply_server_side_encryption_by_default": [
                  {
                    "kms_master_key_id": "arn:aws:kms:us-east-1:620423771455:key/56c7508e-76c2-451d-9f7f-c434218ffc9f",
                    "sse_algorithm": "aws:kms"
                  }
                ],
                "bucket_key_enabled": false
              }
            ]
          },
          "sensitive_attributes": [],
          "private": "bnVsbA==",
          "dependencies": [
            "aws_kms_key.service_key",
            "aws_s3_bucket.service_bucket"
          ]
        }
      ]
    }
  ]
}
